
Microsoft Visual Studio Solution File, Format Version 12.00
# Visual Studio Version 17
VisualStudioVersion = 17.10.34916.146
MinimumVisualStudioVersion = 10.0.40219.1
Project("{FAE04EC0-301F-11D3-BF4B-00C04F79EFBC}") = "DDDTraining.Library.Loans.Api", "DDDTraining.Library.Loans.Api\DDDTraining.Library.Loans.Api.csproj", "{B05514D2-D702-48CD-B731-98291C20B2C3}"
EndProject
Project("{FAE04EC0-301F-11D3-BF4B-00C04F79EFBC}") = "DDDTraining.Library.Loans.Domain", "DDDTraining.Library.Loans.Domain\DDDTraining.Library.Loans.Domain.csproj", "{18719D0E-B038-4C1F-A2BC-E4D57CE8593C}"
EndProject
Project("{FAE04EC0-301F-11D3-BF4B-00C04F79EFBC}") = "DDDTraining.Library.Loans.Application", "DDDTraining.Library.Loans.Application\DDDTraining.Library.Loans.Application.csproj", "{5F0370F1-D402-4D76-AA9E-7FFEF921ECD5}"
EndProject
Project("{FAE04EC0-301F-11D3-BF4B-00C04F79EFBC}") = "DDDTraining.Library.Loans.Infraestructure", "DDDTraining.Library.Loans.Infraestructure\DDDTraining.Library.Loans.Infraestructure.csproj", "{F603CAAA-2DC5-485D-B442-22736AA8D797}"
EndProject
Project("{FAE04EC0-301F-11D3-BF4B-00C04F79EFBC}") = "DDDTraining.Library.Loans.Test", "DDDTraining.Library.Loans.Test\DDDTraining.Library.Loans.Test.csproj", "{E2EC7A2C-6C92-474C-8F64-E0C181527BCB}"
EndProject
Global
	GlobalSection(SolutionConfigurationPlatforms) = preSolution
		Debug|Any CPU = Debug|Any CPU
		Release|Any CPU = Release|Any CPU
	EndGlobalSection
	GlobalSection(ProjectConfigurationPlatforms) = postSolution
		{B05514D2-D702-48CD-B731-98291C20B2C3}.Debug|Any CPU.ActiveCfg = Debug|Any CPU
		{B05514D2-D702-48CD-B731-98291C20B2C3}.Debug|Any CPU.Build.0 = Debug|Any CPU
		{B05514D2-D702-48CD-B731-98291C20B2C3}.Release|Any CPU.ActiveCfg = Release|Any CPU
		{B05514D2-D702-48CD-B731-98291C20B2C3}.Release|Any CPU.Build.0 = Release|Any CPU
		{18719D0E-B038-4C1F-A2BC-E4D57CE8593C}.Debug|Any CPU.ActiveCfg = Debug|Any CPU
		{18719D0E-B038-4C1F-A2BC-E4D57CE8593C}.Debug|Any CPU.Build.0 = Debug|Any CPU
		{18719D0E-B038-4C1F-A2BC-E4D57CE8593C}.Release|Any CPU.ActiveCfg = Release|Any CPU
		{18719D0E-B038-4C1F-A2BC-E4D57CE8593C}.Release|Any CPU.Build.0 = Release|Any CPU
		{5F0370F1-D402-4D76-AA9E-7FFEF921ECD5}.Debug|Any CPU.ActiveCfg = Debug|Any CPU
		{5F0370F1-D402-4D76-AA9E-7FFEF921ECD5}.Debug|Any CPU.Build.0 = Debug|Any CPU
		{5F0370F1-D402-4D76-AA9E-7FFEF921ECD5}.Release|Any CPU.ActiveCfg = Release|Any CPU
		{5F0370F1-D402-4D76-AA9E-7FFEF921ECD5}.Release|Any CPU.Build.0 = Release|Any CPU
		{F603CAAA-2DC5-485D-B442-22736AA8D797}.Debug|Any CPU.ActiveCfg = Debug|Any CPU
		{F603CAAA-2DC5-485D-B442-22736AA8D797}.Debug|Any CPU.Build.0 = Debug|Any CPU
		{F603CAAA-2DC5-485D-B442-22736AA8D797}.Release|Any CPU.ActiveCfg = Release|Any CPU
		{F603CAAA-2DC5-485D-B442-22736AA8D797}.Release|Any CPU.Build.0 = Release|Any CPU
		{E2EC7A2C-6C92-474C-8F64-E0C181527BCB}.Debug|Any CPU.ActiveCfg = Debug|Any CPU
		{E2EC7A2C-6C92-474C-8F64-E0C181527BCB}.Debug|Any CPU.Build.0 = Debug|Any CPU
		{E2EC7A2C-6C92-474C-8F64-E0C181527BCB}.Release|Any CPU.ActiveCfg = Release|Any CPU
		{E2EC7A2C-6C92-474C-8F64-E0C181527BCB}.Release|Any CPU.Build.0 = Release|Any CPU
	EndGlobalSection
	GlobalSection(SolutionProperties) = preSolution
		HideSolutionNode = FALSE
	EndGlobalSection
	GlobalSection(ExtensibilityGlobals) = postSolution
		SolutionGuid = {E2BF8C72-402D-4E48-B9C5-5D4B18CC5BA9}
	EndGlobalSection
EndGlobal
